{
    "_readme": [
        "This file locks the dependencies of your project to a known state",
        "It is automatically generated by Composer and should not be manually edited"
    ],
    "content-hash": "generated-lock-file-hash",
    "packages": [
        {
            "name": "php",
            "version": "^8.0"
        }
    ],
    "packages-dev": [],
    "aliases": [],
    "minimum-stability": "stable",
    "stability-flags": [],
    "prefer-stable": true,
    "prefer-lowest": false,
    "platform": {
        "php": "8.0"
    },
    "platform-dev": []
}
